Microsoft Visual Studio Solution File, Format Version 12.00
# Visual Studio Version 17
VisualStudioVersion = 17.14.37411.7
MinimumVisualStudioVersion = 10.0.40219.1
Project("{FAE04EC0-301F-11D3-BF4B-00C04F79EFBC}") = "SistemaGimnasio.Data", "SistemaGimnasio.Data\SistemaGimnasio.Data.csproj", "{453E595E-20D6-4444-BB4A-6C2D6260AEE5}"
EndProject
Project("{FAE04EC0-301F-11D3-BF4B-00C04F79EFBC}") = "SistemaGimnasio.Models", "SistemaGimnasio.Models\SistemaGimnasio.Models.csproj", "{49E4DA67-C037-44D3-974D-1D97C013D138}"
EndProject
Project("{FAE04EC0-301F-11D3-BF4B-00C04F79EFBC}") = "SistemaGimnasio.Logic", "SistemaGimnasio.Logic\SistemaGimnasio.Logic.csproj", "{FC40EADA-CB13-4662-A7CE-96C1A21CCCAC}"
EndProject
Project("{FAE04EC0-301F-11D3-BF4B-00C04F79EFBC}") = "SistemaGimnasio.Web", "SistemaGimnasio.Web\SistemaGimnasio.Web.csproj", "{B3D05247-B77B-46DD-BFFE-65ECDC1EB47D}"
EndProject
Global
	GlobalSection(SolutionConfigurationPlatforms) = preSolution
		Debug|Any CPU = Debug|Any CPU
		Release|Any CPU = Release|Any CPU
	EndGlobalSection
	GlobalSection(ProjectConfigurationPlatforms) = postSolution
		{453E595E-20D6-4444-BB4A-6C2D6260AEE5}.Debug|Any CPU.ActiveCfg = Debug|Any CPU
		{453E595E-20D6-4444-BB4A-6C2D6260AEE5}.Debug|Any CPU.Build.0 = Debug|Any CPU
		{453E595E-20D6-4444-BB4A-6C2D6260AEE5}.Release|Any CPU.ActiveCfg = Release|Any CPU
		{453E595E-20D6-4444-BB4A-6C2D6260AEE5}.Release|Any CPU.Build.0 = Release|Any CPU
		{49E4DA67-C037-44D3-974D-1D97C013D138}.Debug|Any CPU.ActiveCfg = Debug|Any CPU
		{49E4DA67-C037-44D3-974D-1D97C013D138}.Debug|Any CPU.Build.0 = Debug|Any CPU
		{49E4DA67-C037-44D3-974D-1D97C013D138}.Release|Any CPU.ActiveCfg = Release|Any CPU
		{49E4DA67-C037-44D3-974D-1D97C013D138}.Release|Any CPU.Build.0 = Release|Any CPU
		{FC40EADA-CB13-4662-A7CE-96C1A21CCCAC}.Debug|Any CPU.ActiveCfg = Debug|Any CPU
		{FC40EADA-CB13-4662-A7CE-96C1A21CCCAC}.Debug|Any CPU.Build.0 = Debug|Any CPU
		{FC40EADA-CB13-4662-A7CE-96C1A21CCCAC}.Release|Any CPU.ActiveCfg = Release|Any CPU
		{FC40EADA-CB13-4662-A7CE-96C1A21CCCAC}.Release|Any CPU.Build.0 = Release|Any CPU
		{B3D05247-B77B-46DD-BFFE-65ECDC1EB47D}.Debug|Any CPU.ActiveCfg = Debug|Any CPU
		{B3D05247-B77B-46DD-BFFE-65ECDC1EB47D}.Debug|Any CPU.Build.0 = Debug|Any CPU
		{B3D05247-B77B-46DD-BFFE-65ECDC1EB47D}.Release|Any CPU.ActiveCfg = Release|Any CPU
		{B3D05247-B77B-46DD-BFFE-65ECDC1EB47D}.Release|Any CPU.Build.0 = Release|Any CPU
	EndGlobalSection
	GlobalSection(SolutionProperties) = preSolution
		HideSolutionNode = FALSE
	EndGlobalSection
	GlobalSection(ExtensibilityGlobals) = postSolution
		SolutionGuid = {21FEF53E-9D08-459A-B0A4-7B5AA7CB7665}
	EndGlobalSection
EndGlobal
